
Microsoft Visual Studio Solution File, Format Version 12.00
# Visual Studio Version 17
VisualStudioVersion = 17.8.34330.188
MinimumVisualStudioVersion = 10.0.40219.1
Project("{9A19103F-16F7-4668-BE54-9A1E7A4F7556}") = "FindMovies", "FindMovies.csproj", "{FFA61407-09A0-4C4C-BC51-B4E199DD6C7C}"
EndProject
Global
	GlobalSection(SolutionConfigurationPlatforms) = preSolution
		Debug|Any CPU = Debug|Any CPU
		Release|Any CPU = Release|Any CPU
	EndGlobalSection
	GlobalSection(ProjectConfigurationPlatforms) = postSolution
		{FFA61407-09A0-4C4C-BC51-B4E199DD6C7C}.Debug|Any CPU.ActiveCfg = Debug|Any CPU
		{FFA61407-09A0-4C4C-BC51-B4E199DD6C7C}.Debug|Any CPU.Build.0 = Debug|Any CPU
		{FFA61407-09A0-4C4C-BC51-B4E199DD6C7C}.Release|Any CPU.ActiveCfg = Release|Any CPU
		{FFA61407-09A0-4C4C-BC51-B4E199DD6C7C}.Release|Any CPU.Build.0 = Release|Any CPU
	EndGlobalSection
	GlobalSection(SolutionProperties) = preSolution
		HideSolutionNode = FALSE
	EndGlobalSection
	GlobalSection(ExtensibilityGlobals) = postSolution
		SolutionGuid = {AD28ACA8-36E1-4D32-8CEE-50BCB7573497}
	EndGlobalSection
EndGlobal
